// !$*UTF8*$!
{
	archiveVersion = 1;
	classes = {
	};
	objectVersion = 56;
	objects = {

/* Begin PBXBuildFile section */
		1B61C0B02AD5F9F700E3FE78 /* BottomSheet in Frameworks */ = {isa = PBXBuildFile; productRef = 1B61C0AF2AD5F9F700E3FE78 /* BottomSheet */; };
		1B61C0B22AD5FADA00E3FE78 /* ForecastView.swift in Sources */ = {isa = PBXBuildFile; fileRef = 1B61C0B12AD5FADA00E3FE78 /* ForecastView.swift */; };
		1B61C0B42AD5FF4600E3FE78 /* Blur.swift in Sources */ = {isa = PBXBuildFile; fileRef = 1B61C0B32AD5FF4600E3FE78 /* Blur.swift */; };
		1B61C0B62AD60DF500E3FE78 /* SegmentedControl.swift in Sources */ = {isa = PBXBuildFile; fileRef = 1B61C0B52AD60DF500E3FE78 /* SegmentedControl.swift */; };
		1B61C0B82AD610AB00E3FE78 /* ForecastModel.swift in Sources */ = {isa = PBXBuildFile; fileRef = 1B61C0B72AD610AB00E3FE78 /* ForecastModel.swift */; };
		1B61C0BA2AD6110C00E3FE78 /* ForecastCard.swift in Sources */ = {isa = PBXBuildFile; fileRef = 1B61C0B92AD6110C00E3FE78 /* ForecastCard.swift */; };
		1B61C0BC2AD6FF7600E3FE78 /* NavigationBar.swift in Sources */ = {isa = PBXBuildFile; fileRef = 1B61C0BB2AD6FF7600E3FE78 /* NavigationBar.swift */; };
		1B61C0BE2AD702EA00E3FE78 /* WeatherView.swift in Sources */ = {isa = PBXBuildFile; fileRef = 1B61C0BD2AD702E900E3FE78 /* WeatherView.swift */; };
		1B61C0C02AD703B400E3FE78 /* WeatherWidget.swift in Sources */ = {isa = PBXBuildFile; fileRef = 1B61C0BF2AD703B400E3FE78 /* WeatherWidget.swift */; };
		1B86D8F52AD5B6CE0096ACAF /* WeatherApp.swift in Sources */ = {isa = PBXBuildFile; fileRef = 1B86D8F42AD5B6CE0096ACAF /* WeatherApp.swift */; };
		1B86D8F72AD5B6CE0096ACAF /* ContentView.swift in Sources */ = {isa = PBXBuildFile; fileRef = 1B86D8F62AD5B6CE0096ACAF /* ContentView.swift */; };
		1B86D8F92AD5B6CF0096ACAF /* Assets.xcassets in Resources */ = {isa = PBXBuildFile; fileRef = 1B86D8F82AD5B6CF0096ACAF /* Assets.xcassets */; };
		1B86D8FD2AD5B6CF0096ACAF /* Preview Assets.xcassets in Resources */ = {isa = PBXBuildFile; fileRef = 1B86D8FC2AD5B6CF0096ACAF /* Preview Assets.xcassets */; };
		1B86D9072AD5B6CF0096ACAF /* WeatherTests.swift in Sources */ = {isa = PBXBuildFile; fileRef = 1B86D9062AD5B6CF0096ACAF /* WeatherTests.swift */; };
		1B86D9112AD5B6CF0096ACAF /* WeatherUITests.swift in Sources */ = {isa = PBXBuildFile; fileRef = 1B86D9102AD5B6CF0096ACAF /* WeatherUITests.swift */; };
		1B86D9132AD5B6CF0096ACAF /* WeatherUITestsLaunchTests.swift in Sources */ = {isa = PBXBuildFile; fileRef = 1B86D9122AD5B6CF0096ACAF /* WeatherUITestsLaunchTests.swift */; };
		1B86D92B2AD5BB4C0096ACAF /* HomeView.swift in Sources */ = {isa = PBXBuildFile; fileRef = 1B86D92A2AD5BB4C0096ACAF /* HomeView.swift */; };
		1BA88CF32AD5D271001976AE /* Extensions.swift in Sources */ = {isa = PBXBuildFile; fileRef = 1BA88CF22AD5D271001976AE /* Extensions.swift */; };
		1BA88CF52AD5D289001976AE /* TabBar.swift in Sources */ = {isa = PBXBuildFile; fileRef = 1BA88CF42AD5D289001976AE /* TabBar.swift */; };
		1BA88CF72AD5D535001976AE /* Shapes.swift in Sources */ = {isa = PBXBuildFile; fileRef = 1BA88CF62AD5D535001976AE /* Shapes.swift */; };
/* End PBXBuildFile section */

/* Begin PBXContainerItemProxy section */
		1B86D9032AD5B6CF0096ACAF /* PBXContainerItemProxy */ = {
			isa = PBXContainerItemProxy;
			containerPortal = 1B86D8E92AD5B6CE0096ACAF /* Project object */;
			proxyType = 1;
			remoteGlobalIDString = 1B86D8F02AD5B6CE0096ACAF;
			remoteInfo = Weather;
		};
		1B86D90D2AD5B6CF0096ACAF /* PBXContainerItemProxy */ = {
			isa = PBXContainerItemProxy;
			containerPortal = 1B86D8E92AD5B6CE0096ACAF /* Project object */;
			proxyType = 1;
			remoteGlobalIDString = 1B86D8F02AD5B6CE0096ACAF;
			remoteInfo = Weather;
		};
/* End PBXContainerItemProxy section */

/* Begin PBXFileReference section */
		1B61C0B12AD5FADA00E3FE78 /* ForecastView.swift */ = {isa = PBXFileReference; lastKnownFileType = sourcecode.swift; path = ForecastView.swift; sourceTree = "<group>"; };
		1B61C0B32AD5FF4600E3FE78 /* Blur.swift */ = {isa = PBXFileReference; lastKnownFileType = sourcecode.swift; path = Blur.swift; sourceTree = "<group>"; };
		1B61C0B52AD60DF500E3FE78 /* SegmentedControl.swift */ = {isa = PBXFileReference; lastKnownFileType = sourcecode.swift; path = SegmentedControl.swift; sourceTree = "<group>"; };
		1B61C0B72AD610AB00E3FE78 /* ForecastModel.swift */ = {isa = PBXFileReference; lastKnownFileType = sourcecode.swift; path = ForecastModel.swift; sourceTree = "<group>"; };
		1B61C0B92AD6110C00E3FE78 /* ForecastCard.swift */ = {isa = PBXFileReference; lastKnownFileType = sourcecode.swift; path = ForecastCard.swift; sourceTree = "<group>"; };
		1B61C0BB2AD6FF7600E3FE78 /* NavigationBar.swift */ = {isa = PBXFileReference; lastKnownFileType = sourcecode.swift; path = NavigationBar.swift; sourceTree = "<group>"; };
		1B61C0BD2AD702E900E3FE78 /* WeatherView.swift */ = {isa = PBXFileReference; lastKnownFileType = sourcecode.swift; path = WeatherView.swift; sourceTree = "<group>"; };
		1B61C0BF2AD703B400E3FE78 /* WeatherWidget.swift */ = {isa = PBXFileReference; lastKnownFileType = sourcecode.swift; path = WeatherWidget.swift; sourceTree = "<group>"; };
		1B86D8F12AD5B6CE0096ACAF /* Weather.app */ = {isa = PBXFileReference; explicitFileType = wrapper.application; includeInIndex = 0; path = Weather.app; sourceTree = BUILT_PRODUCTS_DIR; };
		1B86D8F42AD5B6CE0096ACAF /* WeatherApp.swift */ = {isa = PBXFileReference; lastKnownFileType = sourcecode.swift; path = WeatherApp.swift; sourceTree = "<group>"; };
		1B86D8F62AD5B6CE0096ACAF /* ContentView.swift */ = {isa = PBXFileReference; lastKnownFileType = sourcecode.swift; path = ContentView.swift; sourceTree = "<group>"; };
		1B86D8F82AD5B6CF0096ACAF /* Assets.xcassets */ = {isa = PBXFileReference; lastKnownFileType = folder.assetcatalog; path = Assets.xcassets; sourceTree = "<group>"; };
		1B86D8FA2AD5B6CF0096ACAF /* Weather.entitlements */ = {isa = PBXFileReference; lastKnownFileType = text.plist.entitlements; path = Weather.entitlements; sourceTree = "<group>"; };
		1B86D8FC2AD5B6CF0096ACAF /* Preview Assets.xcassets */ = {isa = PBXFileReference; lastKnownFileType = folder.assetcatalog; path = "Preview Assets.xcassets"; sourceTree = "<group>"; };
		1B86D9022AD5B6CF0096ACAF /* WeatherTests.xctest */ = {isa = PBXFileReference; explicitFileType = wrapper.cfbundle; includeInIndex = 0; path = WeatherTests.xctest; sourceTree = BUILT_PRODUCTS_DIR; };
		1B86D9062AD5B6CF0096ACAF /* WeatherTests.swift */ = {isa = PBXFileReference; lastKnownFileType = sourcecode.swift; path = WeatherTests.swift; sourceTree = "<group>"; };
		1B86D90C2AD5B6CF0096ACAF /* WeatherUITests.xctest */ = {isa = PBXFileReference; explicitFileType = wrapper.cfbundle; includeInIndex = 0; path = WeatherUITests.xctest; sourceTree = BUILT_PRODUCTS_DIR; };
		1B86D9102AD5B6CF0096ACAF /* WeatherUITests.swift */ = {isa = PBXFileReference; lastKnownFileType = sourcecode.swift; path = WeatherUITests.swift; sourceTree = "<group>"; };
		1B86D9122AD5B6CF0096ACAF /* WeatherUITestsLaunchTests.swift */ = {isa = PBXFileReference; lastKnownFileType = sourcecode.swift; path = WeatherUITestsLaunchTests.swift; sourceTree = "<group>"; };
		1B86D92A2AD5BB4C0096ACAF /* HomeView.swift */ = {isa = PBXFileReference; lastKnownFileType = sourcecode.swift; path = HomeView.swift; sourceTree = "<group>"; };
		1BA88CF22AD5D271001976AE /* Extensions.swift */ = {isa = PBXFileReference; fileEncoding = 4; lastKnownFileType = sourcecode.swift; name = Extensions.swift; path = "../../../../../Downloads/SwiftUI Weather/Resources/Extensions.swift"; sourceTree = "<group>"; };
		1BA88CF42AD5D289001976AE /* TabBar.swift */ = {isa = PBXFileReference; lastKnownFileType = sourcecode.swift; path = TabBar.swift; sourceTree = "<group>"; };
		1BA88CF62AD5D535001976AE /* Shapes.swift */ = {isa = PBXFileReference; lastKnownFileType = sourcecode.swift; path = Shapes.swift; sourceTree = "<group>"; };
/* End PBXFileReference section */

/* Begin PBXFrameworksBuildPhase section */
		1B86D8EE2AD5B6CE0096ACAF /* Frameworks */ = {
			isa = PBXFrameworksBuildPhase;
			buildActionMask = 2147483647;
			files = (
				1B61C0B02AD5F9F700E3FE78 /* BottomSheet in Frameworks */,
			);
			runOnlyForDeploymentPostprocessing = 0;
		};
		1B86D8FF2AD5B6CF0096ACAF /* Frameworks */ = {
			isa = PBXFrameworksBuildPhase;
			buildActionMask = 2147483647;
			files = (
			);
			runOnlyForDeploymentPostprocessing = 0;
		};
		1B86D9092AD5B6CF0096ACAF /* Frameworks */ = {
			isa = PBXFrameworksBuildPhase;
			buildActionMask = 2147483647;
			files = (
			);
			runOnlyForDeploymentPostprocessing = 0;
		};
/* End PBXFrameworksBuildPhase section */

/* Begin PBXGroup section */
		1B86D8E82AD5B6CE0096ACAF = {
			isa = PBXGroup;
			children = (
				1B86D8F32AD5B6CE0096ACAF /* Weather */,
				1B86D9052AD5B6CF0096ACAF /* WeatherTests */,
				1B86D90F2AD5B6CF0096ACAF /* WeatherUITests */,
				1B86D8F22AD5B6CE0096ACAF /* Products */,
			);
			sourceTree = "<group>";
		};
		1B86D8F22AD5B6CE0096ACAF /* Products */ = {
			isa = PBXGroup;
			children = (
				1B86D8F12AD5B6CE0096ACAF /* Weather.app */,
				1B86D9022AD5B6CF0096ACAF /* WeatherTests.xctest */,
				1B86D90C2AD5B6CF0096ACAF /* WeatherUITests.xctest */,
			);
			name = Products;
			sourceTree = "<group>";
		};
		1B86D8F32AD5B6CE0096ACAF /* Weather */ = {
			isa = PBXGroup;
			children = (
				1B86D8F42AD5B6CE0096ACAF /* WeatherApp.swift */,
				1B86D91F2AD5B7490096ACAF /* Views */,
				1B86D9202AD5B7500096ACAF /* Models */,
				1B86D9212AD5B7590096ACAF /* Utils */,
				1B86D8F82AD5B6CF0096ACAF /* Assets.xcassets */,
				1B86D8FA2AD5B6CF0096ACAF /* Weather.entitlements */,
				1B86D8FB2AD5B6CF0096ACAF /* Preview Content */,
			);
			path = Weather;
			sourceTree = "<group>";
		};
		1B86D8FB2AD5B6CF0096ACAF /* Preview Content */ = {
			isa = PBXGroup;
			children = (
				1B86D8FC2AD5B6CF0096ACAF /* Preview Assets.xcassets */,
			);
			path = "Preview Content";
			sourceTree = "<group>";
		};
		1B86D9052AD5B6CF0096ACAF /* WeatherTests */ = {
			isa = PBXGroup;
			children = (
				1B86D9062AD5B6CF0096ACAF /* WeatherTests.swift */,
			);
			path = WeatherTests;
			sourceTree = "<group>";
		};
		1B86D90F2AD5B6CF0096ACAF /* WeatherUITests */ = {
			isa = PBXGroup;
			children = (
				1B86D9102AD5B6CF0096ACAF /* WeatherUITests.swift */,
				1B86D9122AD5B6CF0096ACAF /* WeatherUITestsLaunchTests.swift */,
			);
			path = WeatherUITests;
			sourceTree = "<group>";
		};
		1B86D91F2AD5B7490096ACAF /* Views */ = {
			isa = PBXGroup;
			children = (
				1B86D9222AD5B7630096ACAF /* Main */,
				1B86D9232AD5B76A0096ACAF /* Navigation */,
				1B86D9242AD5B7710096ACAF /* Detail */,
				1B86D9252AD5B7770096ACAF /* Components */,
			);
			path = Views;
			sourceTree = "<group>";
		};
		1B86D9202AD5B7500096ACAF /* Models */ = {
			isa = PBXGroup;
			children = (
				1B61C0B72AD610AB00E3FE78 /* ForecastModel.swift */,
			);
			path = Models;
			sourceTree = "<group>";
		};
		1B86D9212AD5B7590096ACAF /* Utils */ = {
			isa = PBXGroup;
			children = (
				1BA88CF22AD5D271001976AE /* Extensions.swift */,
				1BA88CF62AD5D535001976AE /* Shapes.swift */,
			);
			path = Utils;
			sourceTree = "<group>";
		};
		1B86D9222AD5B7630096ACAF /* Main */ = {
			isa = PBXGroup;
			children = (
				1B86D8F62AD5B6CE0096ACAF /* ContentView.swift */,
				1B86D92A2AD5BB4C0096ACAF /* HomeView.swift */,
			);
			path = Main;
			sourceTree = "<group>";
		};
		1B86D9232AD5B76A0096ACAF /* Navigation */ = {
			isa = PBXGroup;
			children = (
				1BA88CF42AD5D289001976AE /* TabBar.swift */,
				1B61C0BB2AD6FF7600E3FE78 /* NavigationBar.swift */,
			);
			path = Navigation;
			sourceTree = "<group>";
		};
		1B86D9242AD5B7710096ACAF /* Detail */ = {
			isa = PBXGroup;
			children = (
				1B61C0B12AD5FADA00E3FE78 /* ForecastView.swift */,
				1B61C0BD2AD702E900E3FE78 /* WeatherView.swift */,
			);
			path = Detail;
			sourceTree = "<group>";
		};
		1B86D9252AD5B7770096ACAF /* Components */ = {
			isa = PBXGroup;
			children = (
				1B61C0B32AD5FF4600E3FE78 /* Blur.swift */,
				1B61C0B52AD60DF500E3FE78 /* SegmentedControl.swift */,
				1B61C0B92AD6110C00E3FE78 /* ForecastCard.swift */,
				1B61C0BF2AD703B400E3FE78 /* WeatherWidget.swift */,
			);
			path = Components;
			sourceTree = "<group>";
		};
/* End PBXGroup section */

/* Begin PBXNativeTarget section */
		1B86D8F02AD5B6CE0096ACAF /* Weather */ = {
			isa = PBXNativeTarget;
			buildConfigurationList = 1B86D9162AD5B6CF0096ACAF /* Build configuration list for PBXNativeTarget "Weather" */;
			buildPhases = (
				1B86D8ED2AD5B6CE0096ACAF /* Sources */,
				1B86D8EE2AD5B6CE0096ACAF /* Frameworks */,
				1B86D8EF2AD5B6CE0096ACAF /* Resources */,
			);
			buildRules = (
			);
			dependencies = (
			);
			name = Weather;
			packageProductDependencies = (
				1B61C0AF2AD5F9F700E3FE78 /* BottomSheet */,
			);
			productName = Weather;
			productReference = 1B86D8F12AD5B6CE0096ACAF /* Weather.app */;
			productType = "com.apple.product-type.application";
		};
		1B86D9012AD5B6CF0096ACAF /* WeatherTests */ = {
			isa = PBXNativeTarget;
			buildConfigurationList = 1B86D9192AD5B6CF0096ACAF /* Build configuration list for PBXNativeTarget "WeatherTests" */;
			buildPhases = (
				1B86D8FE2AD5B6CF0096ACAF /* Sources */,
				1B86D8FF2AD5B6CF0096ACAF /* Frameworks */,
				1B86D9002AD5B6CF0096ACAF /* Resources */,
			);
			buildRules = (
			);
			dependencies = (
				1B86D9042AD5B6CF0096ACAF /* PBXTargetDependency */,
			);
			name = WeatherTests;
			productName = WeatherTests;
			productReference = 1B86D9022AD5B6CF0096ACAF /* WeatherTests.xctest */;
			productType = "com.apple.product-type.bundle.unit-test";
		};
		1B86D90B2AD5B6CF0096ACAF /* WeatherUITests */ = {
			isa = PBXNativeTarget;
			buildConfigurationList = 1B86D91C2AD5B6CF0096ACAF /* Build configuration list for PBXNativeTarget "WeatherUITests" */;
			buildPhases = (
				1B86D9082AD5B6CF0096ACAF /* Sources */,
				1B86D9092AD5B6CF0096ACAF /* Frameworks */,
				1B86D90A2AD5B6CF0096ACAF /* Resources */,
			);
			buildRules = (
			);
			dependencies = (
				1B86D90E2AD5B6CF0096ACAF /* PBXTargetDependency */,
			);
			name = WeatherUITests;
			productName = WeatherUITests;
			productReference = 1B86D90C2AD5B6CF0096ACAF /* WeatherUITests.xctest */;
			productType = "com.apple.product-type.bundle.ui-testing";
		};
/* End PBXNativeTarget section */

/* Begin PBXProject section */
		1B86D8E92AD5B6CE0096ACAF /* Project object */ = {
			isa = PBXProject;
			attributes = {
				BuildIndependentTargetsInParallel = 1;
				LastSwiftUpdateCheck = 1500;
				LastUpgradeCheck = 1500;
				TargetAttributes = {
					1B86D8F02AD5B6CE0096ACAF = {
						CreatedOnToolsVersion = 15.0;
					};
					1B86D9012AD5B6CF0096ACAF = {
						CreatedOnToolsVersion = 15.0;
						TestTargetID = 1B86D8F02AD5B6CE0096ACAF;
					};
					1B86D90B2AD5B6CF0096ACAF = {
						CreatedOnToolsVersion = 15.0;
						TestTargetID = 1B86D8F02AD5B6CE0096ACAF;
					};
				};
			};
			buildConfigurationList = 1B86D8EC2AD5B6CE0096ACAF /* Build configuration list for PBXProject "Weather" */;
			compatibilityVersion = "Xcode 14.0";
			developmentRegion = en;
			hasScannedForEncodings = 0;
			knownRegions = (
				en,
				Base,
			);
			mainGroup = 1B86D8E82AD5B6CE0096ACAF;
			packageReferences = (
				1B61C0AE2AD5F9F700E3FE78 /* XCRemoteSwiftPackageReference "BottomSheet" */,
			);
			productRefGroup = 1B86D8F22AD5B6CE0096ACAF /* Products */;
			projectDirPath = "";
			projectRoot = "";
			targets = (
				1B86D8F02AD5B6CE0096ACAF /* Weather */,
				1B86D9012AD5B6CF0096ACAF /* WeatherTests */,
				1B86D90B2AD5B6CF0096ACAF /* WeatherUITests */,
			);
		};
/* End PBXProject section */

/* Begin PBXResourcesBuildPhase section */
		1B86D8EF2AD5B6CE0096ACAF /* Resources */ = {
			isa = PBXResourcesBuildPhase;
			buildActionMask = 2147483647;
			files = (
				1B86D8FD2AD5B6CF0096ACAF /* Preview Assets.xcassets in Resources */,
				1B86D8F92AD5B6CF0096ACAF /* Assets.xcassets in Resources */,
			);
			runOnlyForDeploymentPostprocessing = 0;
		};
		1B86D9002AD5B6CF0096ACAF /* Resources */ = {
			isa = PBXResourcesBuildPhase;
			buildActionMask = 2147483647;
			files = (
			);
			runOnlyForDeploymentPostprocessing = 0;
		};
		1B86D90A2AD5B6CF0096ACAF /* Resources */ = {
			isa = PBXResourcesBuildPhase;
			buildActionMask = 2147483647;
			files = (
			);
			runOnlyForDeploymentPostprocessing = 0;
		};
/* End PBXResourcesBuildPhase section */

/* Begin PBXSourcesBuildPhase section */
		1B86D8ED2AD5B6CE0096ACAF /* Sources */ = {
			isa = PBXSourcesBuildPhase;
			buildActionMask = 2147483647;
			files = (
				1B61C0C02AD703B400E3FE78 /* WeatherWidget.swift in Sources */,
				1B61C0BA2AD6110C00E3FE78 /* ForecastCard.swift in Sources */,
				1B86D8F72AD5B6CE0096ACAF /* ContentView.swift in Sources */,
				1B61C0B62AD60DF500E3FE78 /* SegmentedControl.swift in Sources */,
				1B86D92B2AD5BB4C0096ACAF /* HomeView.swift in Sources */,
				1B61C0B42AD5FF4600E3FE78 /* Blur.swift in Sources */,
				1B61C0BE2AD702EA00E3FE78 /* WeatherView.swift in Sources */,
				1B86D8F52AD5B6CE0096ACAF /* WeatherApp.swift in Sources */,
				1BA88CF32AD5D271001976AE /* Extensions.swift in Sources */,
				1B61C0B22AD5FADA00E3FE78 /* ForecastView.swift in Sources */,
				1BA88CF52AD5D289001976AE /* TabBar.swift in Sources */,
				1B61C0B82AD610AB00E3FE78 /* ForecastModel.swift in Sources */,
				1BA88CF72AD5D535001976AE /* Shapes.swift in Sources */,
				1B61C0BC2AD6FF7600E3FE78 /* NavigationBar.swift in Sources */,
			);
			runOnlyForDeploymentPostprocessing = 0;
		};
		1B86D8FE2AD5B6CF0096ACAF /* Sources */ = {
			isa = PBXSourcesBuildPhase;
			buildActionMask = 2147483647;
			files = (
				1B86D9072AD5B6CF0096ACAF /* WeatherTests.swift in Sources */,
			);
			runOnlyForDeploymentPostprocessing = 0;
		};
		1B86D9082AD5B6CF0096ACAF /* Sources */ = {
			isa = PBXSourcesBuildPhase;
			buildActionMask = 2147483647;
			files = (
				1B86D9112AD5B6CF0096ACAF /* WeatherUITests.swift in Sources */,
				1B86D9132AD5B6CF0096ACAF /* WeatherUITestsLaunchTests.swift in Sources */,
			);
			runOnlyForDeploymentPostprocessing = 0;
		};
/* End PBXSourcesBuildPhase section */

/* Begin PBXTargetDependency section */
		1B86D9042AD5B6CF0096ACAF /* PBXTargetDependency */ = {
			isa = PBXTargetDependency;
			target = 1B86D8F02AD5B6CE0096ACAF /* Weather */;
			targetProxy = 1B86D9032AD5B6CF0096ACAF /* PBXContainerItemProxy */;
		};
		1B86D90E2AD5B6CF0096ACAF /* PBXTargetDependency */ = {
			isa = PBXTargetDependency;
			target = 1B86D8F02AD5B6CE0096ACAF /* Weather */;
			targetProxy = 1B86D90D2AD5B6CF0096ACAF /* PBXContainerItemProxy */;
		};
/* End PBXTargetDependency section */

/* Begin XCBuildConfiguration section */
		1B86D9142AD5B6CF0096ACAF /* Debug */ = {
			isa = XCBuildConfiguration;
			buildSettings = {
				ALWAYS_SEARCH_USER_PATHS = NO;
				ASSETCATALOG_COMPILER_GENERATE_SWIFT_ASSET_SYMBOL_EXTENSIONS = YES;
				CLANG_ANALYZER_NONNULL = YES;
				CLANG_ANALYZER_NUMBER_OBJECT_CONVERSION = YES_AGGRESSIVE;
				CLANG_CXX_LANGUAGE_STANDARD = "gnu++20";
				CLANG_ENABLE_MODULES = YES;
				CLANG_ENABLE_OBJC_ARC = YES;
				CLANG_ENABLE_OBJC_WEAK = YES;
				CLANG_WARN_BLOCK_CAPTURE_AUTORELEASING = YES;
				CLANG_WARN_BOOL_CONVERSION = YES;
				CLANG_WARN_COMMA = YES;
				CLANG_WARN_CONSTANT_CONVERSION = YES;
				CLANG_WARN_DEPRECATED_OBJC_IMPLEMENTATIONS = YES;
				CLANG_WARN_DIRECT_OBJC_ISA_USAGE = YES_ERROR;
				CLANG_WARN_DOCUMENTATION_COMMENTS = YES;
				CLANG_WARN_EMPTY_BODY = YES;
				CLANG_WARN_ENUM_CONVERSION = YES;
				CLANG_WARN_INFINITE_RECURSION = YES;
				CLANG_WARN_INT_CONVERSION = YES;
				CLANG_WARN_NON_LITERAL_NULL_CONVERSION = YES;
				CLANG_WARN_OBJC_IMPLICIT_RETAIN_SELF = YES;
				CLANG_WARN_OBJC_LITERAL_CONVERSION = YES;
				CLANG_WARN_OBJC_ROOT_CLASS = YES_ERROR;
				CLANG_WARN_QUOTED_INCLUDE_IN_FRAMEWORK_HEADER = YES;
				CLANG_WARN_RANGE_LOOP_ANALYSIS = YES;
				CLANG_WARN_STRICT_PROTOTYPES = YES;
				CLANG_WARN_SUSPICIOUS_MOVE = YES;
				CLANG_WARN_UNGUARDED_AVAILABILITY = YES_AGGRESSIVE;
				CLANG_WARN_UNREACHABLE_CODE = YES;
				CLANG_WARN__DUPLICATE_METHOD_MATCH = YES;
				COPY_PHASE_STRIP = NO;
				DEBUG_INFORMATION_FORMAT = dwarf;
				ENABLE_STRICT_OBJC_MSGSEND = YES;
				ENABLE_TESTABILITY = YES;
				ENABLE_USER_SCRIPT_SANDBOXING = YES;
				GCC_C_LANGUAGE_STANDARD = gnu17;
				GCC_DYNAMIC_NO_PIC = NO;
				GCC_NO_COMMON_BLOCKS = YES;
				GCC_OPTIMIZATION_LEVEL = 0;
				GCC_PREPROCESSOR_DEFINITIONS = (
					"DEBUG=1",
					"$(inherited)",
				);
				GCC_WARN_64_TO_32_BIT_CONVERSION = YES;
				GCC_WARN_ABOUT_RETURN_TYPE = YES_ERROR;
				GCC_WARN_UNDECLARED_SELECTOR = YES;
				GCC_WARN_UNINITIALIZED_AUTOS = YES_AGGRESSIVE;
				GCC_WARN_UNUSED_FUNCTION = YES;
				GCC_WARN_UNUSED_VARIABLE = YES;
				LOCALIZATION_PREFERS_STRING_CATALOGS = YES;
				MTL_ENABLE_DEBUG_INFO = INCLUDE_SOURCE;
				MTL_FAST_MATH = YES;
				ONLY_ACTIVE_ARCH = YES;
				SWIFT_ACTIVE_COMPILATION_CONDITIONS = "DEBUG $(inherited)";
				SWIFT_OPTIMIZATION_LEVEL = "-Onone";
			};
			name = Debug;
		};
		1B86D9152AD5B6CF0096ACAF /* Release */ = {
			isa = XCBuildConfiguration;
			buildSettings = {
				ALWAYS_SEARCH_USER_PATHS = NO;
				ASSETCATALOG_COMPILER_GENERATE_SWIFT_ASSET_SYMBOL_EXTENSIONS = YES;
				CLANG_ANALYZER_NONNULL = YES;
				CLANG_ANALYZER_NUMBER_OBJECT_CONVERSION = YES_AGGRESSIVE;
				CLANG_CXX_LANGUAGE_STANDARD = "gnu++20";
				CLANG_ENABLE_MODULES = YES;
				CLANG_ENABLE_OBJC_ARC = YES;
				CLANG_ENABLE_OBJC_WEAK = YES;
				CLANG_WARN_BLOCK_CAPTURE_AUTORELEASING = YES;
				CLANG_WARN_BOOL_CONVERSION = YES;
				CLANG_WARN_COMMA = YES;
				CLANG_WARN_CONSTANT_CONVERSION = YES;
				CLANG_WARN_DEPRECATED_OBJC_IMPLEMENTATIONS = YES;
				CLANG_WARN_DIRECT_OBJC_ISA_USAGE = YES_ERROR;
				CLANG_WARN_DOCUMENTATION_COMMENTS = YES;
				CLANG_WARN_EMPTY_BODY = YES;
				CLANG_WARN_ENUM_CONVERSION = YES;
				CLANG_WARN_INFINITE_RECURSION = YES;
				CLANG_WARN_INT_CONVERSION = YES;
				CLANG_WARN_NON_LITERAL_NULL_CONVERSION = YES;
				CLANG_WARN_OBJC_IMPLICIT_RETAIN_SELF = YES;
				CLANG_WARN_OBJC_LITERAL_CONVERSION = YES;
				CLANG_WARN_OBJC_ROOT_CLASS = YES_ERROR;
				CLANG_WARN_QUOTED_INCLUDE_IN_FRAMEWORK_HEADER = YES;
				CLANG_WARN_RANGE_LOOP_ANALYSIS = YES;
				CLANG_WARN_STRICT_PROTOTYPES = YES;
				CLANG_WARN_SUSPICIOUS_MOVE = YES;
				CLANG_WARN_UNGUARDED_AVAILABILITY = YES_AGGRESSIVE;
				CLANG_WARN_UNREACHABLE_CODE = YES;
				CLANG_WARN__DUPLICATE_METHOD_MATCH = YES;
				COPY_PHASE_STRIP = NO;
				DEBUG_INFORMATION_FORMAT = "dwarf-with-dsym";
				ENABLE_NS_ASSERTIONS = NO;
				ENABLE_STRICT_OBJC_MSGSEND = YES;
				ENABLE_USER_SCRIPT_SANDBOXING = YES;
				GCC_C_LANGUAGE_STANDARD = gnu17;
				GCC_NO_COMMON_BLOCKS = YES;
				GCC_WARN_64_TO_32_BIT_CONVERSION = YES;
				GCC_WARN_ABOUT_RETURN_TYPE = YES_ERROR;
				GCC_WARN_UNDECLARED_SELECTOR = YES;
				GCC_WARN_UNINITIALIZED_AUTOS = YES_AGGRESSIVE;
				GCC_WARN_UNUSED_FUNCTION = YES;
				GCC_WARN_UNUSED_VARIABLE = YES;
				LOCALIZATION_PREFERS_STRING_CATALOGS = YES;
				MTL_ENABLE_DEBUG_INFO = NO;
				MTL_FAST_MATH = YES;
				SWIFT_COMPILATION_MODE = wholemodule;
			};
			name = Release;
		};
		1B86D9172AD5B6CF0096ACAF /* Debug */ = {
			isa = XCBuildConfiguration;
			buildSettings = {
				ASSETCATALOG_COMPILER_APPICON_NAME = AppIcon;
				ASSETCATALOG_COMPILER_GLOBAL_ACCENT_COLOR_NAME = AccentColor;
				CODE_SIGN_ENTITLEMENTS = Weather/Weather.entitlements;
				CODE_SIGN_STYLE = Automatic;
				CURRENT_PROJECT_VERSION = 1;
				DEVELOPMENT_ASSET_PATHS = "\"Weather/Preview Content\"";
				DEVELOPMENT_TEAM = QDM5JWF95B;
				ENABLE_HARDENED_RUNTIME = YES;
				ENABLE_PREVIEWS = YES;
				GENERATE_INFOPLIST_FILE = YES;
				"INFOPLIST_KEY_UIApplicationSceneManifest_Generation[sdk=iphoneos*]" = YES;
				"INFOPLIST_KEY_UIApplicationSceneManifest_Generation[sdk=iphonesimulator*]" = YES;
				"INFOPLIST_KEY_UIApplicationSupportsIndirectInputEvents[sdk=iphoneos*]" = YES;
				"INFOPLIST_KEY_UIApplicationSupportsIndirectInputEvents[sdk=iphonesimulator*]" = YES;
				"INFOPLIST_KEY_UILaunchScreen_Generation[sdk=iphoneos*]" = YES;
				"INFOPLIST_KEY_UILaunchScreen_Generation[sdk=iphonesimulator*]" = YES;
				"INFOPLIST_KEY_UIStatusBarStyle[sdk=iphoneos*]" = UIStatusBarStyleDefault;
				"INFOPLIST_KEY_UIStatusBarStyle[sdk=iphonesimulator*]" = UIStatusBarStyleDefault;
				INFOPLIST_KEY_UISupportedInterfaceOrientations_iPad = "UIInterfaceOrientationPortrait UIInterfaceOrientationPortraitUpsideDown UIInterfaceOrientationLandscapeLeft UIInterfaceOrientationLandscapeRight";
				INFOPLIST_KEY_UISupportedInterfaceOrientations_iPhone = "UIInterfaceOrientationPortrait UIInterfaceOrientationLandscapeLeft UIInterfaceOrientationLandscapeRight";
				IPHONEOS_DEPLOYMENT_TARGET = 15.0;
				LD_RUNPATH_SEARCH_PATHS = "@executable_path/Frameworks";
				"LD_RUNPATH_SEARCH_PATHS[sdk=macosx*]" = "@executable_path/../Frameworks";
				MACOSX_DEPLOYMENT_TARGET = 14.0;
				MARKETING_VERSION = 1.0;
				PRODUCT_BUNDLE_IDENTIFIER = com.delstunmccray.Weather;
				PRODUCT_NAME = "$(TARGET_NAME)";
				SDKROOT = auto;
				SUPPORTED_PLATFORMS = "iphoneos iphonesimulator macosx";
				SWIFT_EMIT_LOC_STRINGS = YES;
				SWIFT_VERSION = 5.0;
				TARGETED_DEVICE_FAMILY = "1,2";
			};
			name = Debug;
		};
		1B86D9182AD5B6CF0096ACAF /* Release */ = {
			isa = XCBuildConfiguration;
			buildSettings = {
				ASSETCATALOG_COMPILER_APPICON_NAME = AppIcon;
				ASSETCATALOG_COMPILER_GLOBAL_ACCENT_COLOR_NAME = AccentColor;
				CODE_SIGN_ENTITLEMENTS = Weather/Weather.entitlements;
				CODE_SIGN_STYLE = Automatic;
				CURRENT_PROJECT_VERSION = 1;
				DEVELOPMENT_ASSET_PATHS = "\"Weather/Preview Content\"";
				DEVELOPMENT_TEAM = QDM5JWF95B;
				ENABLE_HARDENED_RUNTIME = YES;
				ENABLE_PREVIEWS = YES;
				GENERATE_INFOPLIST_FILE = YES;
				"INFOPLIST_KEY_UIApplicationSceneManifest_Generation[sdk=iphoneos*]" = YES;
				"INFOPLIST_KEY_UIApplicationSceneManifest_Generation[sdk=iphonesimulator*]" = YES;
				"INFOPLIST_KEY_UIApplicationSupportsIndirectInputEvents[sdk=iphoneos*]" = YES;
				"INFOPLIST_KEY_UIApplicationSupportsIndirectInputEvents[sdk=iphonesimulator*]" = YES;
				"INFOPLIST_KEY_UILaunchScreen_Generation[sdk=iphoneos*]" = YES;
				"INFOPLIST_KEY_UILaunchScreen_Generation[sdk=iphonesimulator*]" = YES;
				"INFOPLIST_KEY_UIStatusBarStyle[sdk=iphoneos*]" = UIStatusBarStyleDefault;
				"INFOPLIST_KEY_UIStatusBarStyle[sdk=iphonesimulator*]" = UIStatusBarStyleDefault;
				INFOPLIST_KEY_UISupportedInterfaceOrientations_iPad = "UIInterfaceOrientationPortrait UIInterfaceOrientationPortraitUpsideDown UIInterfaceOrientationLandscapeLeft UIInterfaceOrientationLandscapeRight";
				INFOPLIST_KEY_UISupportedInterfaceOrientations_iPhone = "UIInterfaceOrientationPortrait UIInterfaceOrientationLandscapeLeft UIInterfaceOrientationLandscapeRight";
				IPHONEOS_DEPLOYMENT_TARGET = 15.0;
				LD_RUNPATH_SEARCH_PATHS = "@executable_path/Frameworks";
				"LD_RUNPATH_SEARCH_PATHS[sdk=macosx*]" = "@executable_path/../Frameworks";
				MACOSX_DEPLOYMENT_TARGET = 14.0;
				MARKETING_VERSION = 1.0;
				PRODUCT_BUNDLE_IDENTIFIER = com.delstunmccray.Weather;
				PRODUCT_NAME = "$(TARGET_NAME)";
				SDKROOT = auto;
				SUPPORTED_PLATFORMS = "iphoneos iphonesimulator macosx";
				SWIFT_EMIT_LOC_STRINGS = YES;
				SWIFT_VERSION = 5.0;
				TARGETED_DEVICE_FAMILY = "1,2";
			};
			name = Release;
		};
		1B86D91A2AD5B6CF0096ACAF /* Debug */ = {
			isa = XCBuildConfiguration;
			buildSettings = {
				ALWAYS_EMBED_SWIFT_STANDARD_LIBRARIES = YES;
				BUNDLE_LOADER = "$(TEST_HOST)";
				CODE_SIGN_STYLE = Automatic;
				CURRENT_PROJECT_VERSION = 1;
				DEVELOPMENT_TEAM = QDM5JWF95B;
				GENERATE_INFOPLIST_FILE = YES;
				IPHONEOS_DEPLOYMENT_TARGET = 17.0;
				MACOSX_DEPLOYMENT_TARGET = 14.0;
				MARKETING_VERSION = 1.0;
				PRODUCT_BUNDLE_IDENTIFIER = com.delstunmccray.WeatherTests;
				PRODUCT_NAME = "$(TARGET_NAME)";
				SDKROOT = auto;
				SUPPORTED_PLATFORMS = "iphoneos iphonesimulator macosx";
				SWIFT_EMIT_LOC_STRINGS = NO;
				SWIFT_VERSION = 5.0;
				TARGETED_DEVICE_FAMILY = "1,2";
				TEST_HOST = "$(BUILT_PRODUCTS_DIR)/Weather.app/$(BUNDLE_EXECUTABLE_FOLDER_PATH)/Weather";
			};
			name = Debug;
		};
		1B86D91B2AD5B6CF0096ACAF /* Release */ = {
			isa = XCBuildConfiguration;
			buildSettings = {
				ALWAYS_EMBED_SWIFT_STANDARD_LIBRARIES = YES;
				BUNDLE_LOADER = "$(TEST_HOST)";
				CODE_SIGN_STYLE = Automatic;
				CURRENT_PROJECT_VERSION = 1;
				DEVELOPMENT_TEAM = QDM5JWF95B;
				GENERATE_INFOPLIST_FILE = YES;
				IPHONEOS_DEPLOYMENT_TARGET = 17.0;
				MACOSX_DEPLOYMENT_TARGET = 14.0;
				MARKETING_VERSION = 1.0;
				PRODUCT_BUNDLE_IDENTIFIER = com.delstunmccray.WeatherTests;
				PRODUCT_NAME = "$(TARGET_NAME)";
				SDKROOT = auto;
				SUPPORTED_PLATFORMS = "iphoneos iphonesimulator macosx";
				SWIFT_EMIT_LOC_STRINGS = NO;
				SWIFT_VERSION = 5.0;
				TARGETED_DEVICE_FAMILY = "1,2";
				TEST_HOST = "$(BUILT_PRODUCTS_DIR)/Weather.app/$(BUNDLE_EXECUTABLE_FOLDER_PATH)/Weather";
			};
			name = Release;
		};
		1B86D91D2AD5B6CF0096ACAF /* Debug */ = {
			isa = XCBuildConfiguration;
			buildSettings = {
				ALWAYS_EMBED_SWIFT_STANDARD_LIBRARIES = YES;
				CODE_SIGN_STYLE = Automatic;
				CURRENT_PROJECT_VERSION = 1;
				DEVELOPMENT_TEAM = QDM5JWF95B;
				GENERATE_INFOPLIST_FILE = YES;
				IPHONEOS_DEPLOYMENT_TARGET = 17.0;
				MACOSX_DEPLOYMENT_TARGET = 14.0;
				MARKETING_VERSION = 1.0;
				PRODUCT_BUNDLE_IDENTIFIER = com.delstunmccray.WeatherUITests;
				PRODUCT_NAME = "$(TARGET_NAME)";
				SDKROOT = auto;
				SUPPORTED_PLATFORMS = "iphoneos iphonesimulator macosx";
				SWIFT_EMIT_LOC_STRINGS = NO;
				SWIFT_VERSION = 5.0;
				TARGETED_DEVICE_FAMILY = "1,2";
				TEST_TARGET_NAME = Weather;
			};
			name = Debug;
		};
		1B86D91E2AD5B6CF0096ACAF /* Release */ = {
			isa = XCBuildConfiguration;
			buildSettings = {
				ALWAYS_EMBED_SWIFT_STANDARD_LIBRARIES = YES;
				CODE_SIGN_STYLE = Automatic;
				CURRENT_PROJECT_VERSION = 1;
				DEVELOPMENT_TEAM = QDM5JWF95B;
				GENERATE_INFOPLIST_FILE = YES;
				IPHONEOS_DEPLOYMENT_TARGET = 17.0;
				MACOSX_DEPLOYMENT_TARGET = 14.0;
				MARKETING_VERSION = 1.0;
				PRODUCT_BUNDLE_IDENTIFIER = com.delstunmccray.WeatherUITests;
				PRODUCT_NAME = "$(TARGET_NAME)";
				SDKROOT = auto;
				SUPPORTED_PLATFORMS = "iphoneos iphonesimulator macosx";
				SWIFT_EMIT_LOC_STRINGS = NO;
				SWIFT_VERSION = 5.0;
				TARGETED_DEVICE_FAMILY = "1,2";
				TEST_TARGET_NAME = Weather;
			};
			name = Release;
		};
/* End XCBuildConfiguration section */

/* Begin XCConfigurationList section */
		1B86D8EC2AD5B6CE0096ACAF /* Build configuration list for PBXProject "Weather" */ = {
			isa = XCConfigurationList;
			buildConfigurations = (
				1B86D9142AD5B6CF0096ACAF /* Debug */,
				1B86D9152AD5B6CF0096ACAF /* Release */,
			);
			defaultConfigurationIsVisible = 0;
			defaultConfigurationName = Release;
		};
		1B86D9162AD5B6CF0096ACAF /* Build configuration list for PBXNativeTarget "Weather" */ = {
			isa = XCConfigurationList;
			buildConfigurations = (
				1B86D9172AD5B6CF0096ACAF /* Debug */,
				1B86D9182AD5B6CF0096ACAF /* Release */,
			);
			defaultConfigurationIsVisible = 0;
			defaultConfigurationName = Release;
		};
		1B86D9192AD5B6CF0096ACAF /* Build configuration list for PBXNativeTarget "WeatherTests" */ = {
			isa = XCConfigurationList;
			buildConfigurations = (
				1B86D91A2AD5B6CF0096ACAF /* Debug */,
				1B86D91B2AD5B6CF0096ACAF /* Release */,
			);
			defaultConfigurationIsVisible = 0;
			defaultConfigurationName = Release;
		};
		1B86D91C2AD5B6CF0096ACAF /* Build configuration list for PBXNativeTarget "WeatherUITests" */ = {
			isa = XCConfigurationList;
			buildConfigurations = (
				1B86D91D2AD5B6CF0096ACAF /* Debug */,
				1B86D91E2AD5B6CF0096ACAF /* Release */,
			);
			defaultConfigurationIsVisible = 0;
			defaultConfigurationName = Release;
		};
/* End XCConfigurationList section */

/* Begin XCRemoteSwiftPackageReference section */
		1B61C0AE2AD5F9F700E3FE78 /* XCRemoteSwiftPackageReference "BottomSheet" */ = {
			isa = XCRemoteSwiftPackageReference;
			repositoryURL = "https://github.com/Delstroo/BottomSheet";
			requirement = {
				branch = older/version;
				kind = branch;
			};
		};
/* End XCRemoteSwiftPackageReference section */

/* Begin XCSwiftPackageProductDependency section */
		1B61C0AF2AD5F9F700E3FE78 /* BottomSheet */ = {
			isa = XCSwiftPackageProductDependency;
			package = 1B61C0AE2AD5F9F700E3FE78 /* XCRemoteSwiftPackageReference "BottomSheet" */;
			productName = BottomSheet;
		};
/* End XCSwiftPackageProductDependency section */
	};
	rootObject = 1B86D8E92AD5B6CE0096ACAF /* Project object */;
}
